<?xml version="1.0" encoding="UTF-8" standalone="yes" ?>
<CodeBlocks_project_file>
	<FileVersion major="1" minor="6" />
	<Project>
		<Option title="KsiazkaAdresowaObiektowoPP" />
		<Option pch_mode="2" />
		<Option compiler="gcc" />
		<Build>
			<Target title="Debug">
				<Option output="bin/Debug/KsiazkaAdresowaObiektowoPP" prefix_auto="1" extension_auto="1" />
				<Option object_output="obj/Debug/" />
				<Option type="1" />
				<Option compiler="gcc" />
				<Compiler>
					<Add option="-g" />
				</Compiler>
			</Target>
			<Target title="Release">
				<Option output="bin/Release/KsiazkaAdresowaObiektowoPP" prefix_auto="1" extension_auto="1" />
				<Option object_output="obj/Release/" />
				<Option type="1" />
				<Option compiler="gcc" />
				<Compiler>
					<Add option="-O2" />
				</Compiler>
				<Linker>
					<Add option="-s" />
				</Linker>
			</Target>
		</Build>
		<Compiler>
			<Add option="-Wall" />
			<Add option="-fexceptions" />
		</Compiler>
		<Unit filename="Adresat.cpp" />
		<Unit filename="Adresat.h" />
		<Unit filename="AdresatManager.cpp" />
		<Unit filename="AdresatManager.h" />
		<Unit filename="KsiazkaAdresowa.cpp" />
		<Unit filename="KsiazkaAdresowa.h" />
		<Unit filename="MetodyPomocnicze.cpp" />
		<Unit filename="MetodyPomocnicze.h" />
		<Unit filename="PlikTekstowy.cpp" />
		<Unit filename="PlikTekstowy.h" />
		<Unit filename="PlikZAdresatami.cpp" />
		<Unit filename="PlikZAdresatami.h" />
		<Unit filename="PlikZUzytkownikami.cpp" />
		<Unit filename="PlikZUzytkownikami.h" />
		<Unit filename="Uzytkownik.cpp" />
		<Unit filename="Uzytkownik.h" />
		<Unit filename="UzytkownikManager.cpp" />
		<Unit filename="UzytkownikManager.h" />
		<Unit filename="main.cpp" />
		<Extensions>
			<code_completion />
			<envvars />
			<debugger />
		</Extensions>
	</Project>
</CodeBlocks_project_file>
